
Microsoft Visual Studio Solution File, Format Version 9.00
# Visual Studio 2005
Project("{8BC9CEB8-8B4A-11D0-8D11-00A0C91BC942}") = "bisection method", "bisection method\bisection method.vcproj", "{91D638CC-F952-47ED-9BA0-0A08DFE7A5EC}"
EndProject
Global
	GlobalSection(SolutionConfigurationPlatforms) = preSolution
		Debug|Win32 = Debug|Win32
		Release|Win32 = Release|Win32
	EndGlobalSection
	GlobalSection(ProjectConfigurationPlatforms) = postSolution
		{91D638CC-F952-47ED-9BA0-0A08DFE7A5EC}.Debug|Win32.ActiveCfg = Debug|Win32
		{91D638CC-F952-47ED-9BA0-0A08DFE7A5EC}.Debug|Win32.Build.0 = Debug|Win32
		{91D638CC-F952-47ED-9BA0-0A08DFE7A5EC}.Release|Win32.ActiveCfg = Release|Win32
		{91D638CC-F952-47ED-9BA0-0A08DFE7A5EC}.Release|Win32.Build.0 = Release|Win32
	EndGlobalSection
	GlobalSection(SolutionProperties) = preSolution
		HideSolutionNode = FALSE
	EndGlobalSection
EndGlobal
