
Microsoft Visual Studio Solution File, Format Version 12.00
# Visual Studio Version 16
VisualStudioVersion = 16.0.30804.86
MinimumVisualStudioVersion = 10.0.40219.1
Project("{FAE04EC0-301F-11D3-BF4B-00C04F79EFBC}") = "Calculator.Core", "Calculator\Calculator.Core.csproj", "{B35EEE13-A3CC-49F6-95A1-8258AAA93962}"
EndProject
Project("{FAE04EC0-301F-11D3-BF4B-00C04F79EFBC}") = "CalculatorWebHookSubscriptionManager", "CalculatorWebHookSubscriptionManager\CalculatorWebHookSubscriptionManager.csproj", "{ABC399E2-C7FE-4408-87D9-B4A3BCAD4527}"
EndProject
Project("{FAE04EC0-301F-11D3-BF4B-00C04F79EFBC}") = "Calculator.DataService", "Calculator.DataService\Calculator.DataService.csproj", "{DA63C3EE-B369-4F4B-9BEA-59B572E9CD8D}"
EndProject
Global
	GlobalSection(SolutionConfigurationPlatforms) = preSolution
		Debug|Any CPU = Debug|Any CPU
		Release|Any CPU = Release|Any CPU
	EndGlobalSection
	GlobalSection(ProjectConfigurationPlatforms) = postSolution
		{B35EEE13-A3CC-49F6-95A1-8258AAA93962}.Debug|Any CPU.ActiveCfg = Debug|Any CPU
		{B35EEE13-A3CC-49F6-95A1-8258AAA93962}.Debug|Any CPU.Build.0 = Debug|Any CPU
		{B35EEE13-A3CC-49F6-95A1-8258AAA93962}.Release|Any CPU.ActiveCfg = Release|Any CPU
		{B35EEE13-A3CC-49F6-95A1-8258AAA93962}.Release|Any CPU.Build.0 = Release|Any CPU
		{ABC399E2-C7FE-4408-87D9-B4A3BCAD4527}.Debug|Any CPU.ActiveCfg = Debug|Any CPU
		{ABC399E2-C7FE-4408-87D9-B4A3BCAD4527}.Debug|Any CPU.Build.0 = Debug|Any CPU
		{ABC399E2-C7FE-4408-87D9-B4A3BCAD4527}.Release|Any CPU.ActiveCfg = Release|Any CPU
		{ABC399E2-C7FE-4408-87D9-B4A3BCAD4527}.Release|Any CPU.Build.0 = Release|Any CPU
		{DA63C3EE-B369-4F4B-9BEA-59B572E9CD8D}.Debug|Any CPU.ActiveCfg = Debug|Any CPU
		{DA63C3EE-B369-4F4B-9BEA-59B572E9CD8D}.Debug|Any CPU.Build.0 = Debug|Any CPU
		{DA63C3EE-B369-4F4B-9BEA-59B572E9CD8D}.Release|Any CPU.ActiveCfg = Release|Any CPU
		{DA63C3EE-B369-4F4B-9BEA-59B572E9CD8D}.Release|Any CPU.Build.0 = Release|Any CPU
	EndGlobalSection
	GlobalSection(SolutionProperties) = preSolution
		HideSolutionNode = FALSE
	EndGlobalSection
	GlobalSection(ExtensibilityGlobals) = postSolution
		SolutionGuid = {CF93DB82-52B8-4C40-B902-17A25AE2515A}
	EndGlobalSection
EndGlobal
