
Microsoft Visual Studio Solution File, Format Version 9.00
# Visual Studio 2005
Project("{8BC9CEB8-8B4A-11D0-8D11-00A0C91BC942}") = "Hexdump to ascii", "Hexdump to ascii\Hexdump to ascii.vcproj", "{E8C16A48-2F5B-45B0-809E-0C2C21C56012}"
EndProject
Global
	GlobalSection(SolutionConfigurationPlatforms) = preSolution
		Debug|Win32 = Debug|Win32
		Release|Win32 = Release|Win32
	EndGlobalSection
	GlobalSection(ProjectConfigurationPlatforms) = postSolution
		{E8C16A48-2F5B-45B0-809E-0C2C21C56012}.Debug|Win32.ActiveCfg = Debug|Win32
		{E8C16A48-2F5B-45B0-809E-0C2C21C56012}.Debug|Win32.Build.0 = Debug|Win32
		{E8C16A48-2F5B-45B0-809E-0C2C21C56012}.Release|Win32.ActiveCfg = Release|Win32
		{E8C16A48-2F5B-45B0-809E-0C2C21C56012}.Release|Win32.Build.0 = Release|Win32
	EndGlobalSection
	GlobalSection(SolutionProperties) = preSolution
		HideSolutionNode = FALSE
	EndGlobalSection
EndGlobal
