
Microsoft Visual Studio Solution File, Format Version 12.00
# Visual Studio Version 16
VisualStudioVersion = 16.0.30804.86
MinimumVisualStudioVersion = 10.0.40219.1
Project("{FAE04EC0-301F-11D3-BF4B-00C04F79EFBC}") = "BethanysPieShopHRM.App", "BethanysPieShopHRM.App\BethanysPieShopHRM.App.csproj", "{EE03C816-36CF-44B6-9E64-C263D22064AD}"
EndProject
Global
	GlobalSection(SolutionConfigurationPlatforms) = preSolution
		Debug|Any CPU = Debug|Any CPU
		Release|Any CPU = Release|Any CPU
	EndGlobalSection
	GlobalSection(ProjectConfigurationPlatforms) = postSolution
		{EE03C816-36CF-44B6-9E64-C263D22064AD}.Debug|Any CPU.ActiveCfg = Debug|Any CPU
		{EE03C816-36CF-44B6-9E64-C263D22064AD}.Debug|Any CPU.Build.0 = Debug|Any CPU
		{EE03C816-36CF-44B6-9E64-C263D22064AD}.Release|Any CPU.ActiveCfg = Release|Any CPU
		{EE03C816-36CF-44B6-9E64-C263D22064AD}.Release|Any CPU.Build.0 = Release|Any CPU
	EndGlobalSection
	GlobalSection(SolutionProperties) = preSolution
		HideSolutionNode = FALSE
	EndGlobalSection
	GlobalSection(ExtensibilityGlobals) = postSolution
		SolutionGuid = {B447F1CE-3EDB-4CC4-BE64-4A53B868110D}
	EndGlobalSection
EndGlobal
