
Microsoft Visual Studio Solution File, Format Version 9.00
# Visual Studio 2005
Project("{8BC9CEB8-8B4A-11D0-8D11-00A0C91BC942}") = "Beckett 5", "Beckett 5\Beckett 5.vcproj", "{417F2F28-0855-4F0E-8491-D98A7DC08E4B}"
EndProject
Global
	GlobalSection(SolutionConfigurationPlatforms) = preSolution
		Debug|Win32 = Debug|Win32
		Release|Win32 = Release|Win32
	EndGlobalSection
	GlobalSection(ProjectConfigurationPlatforms) = postSolution
		{417F2F28-0855-4F0E-8491-D98A7DC08E4B}.Debug|Win32.ActiveCfg = Debug|Win32
		{417F2F28-0855-4F0E-8491-D98A7DC08E4B}.Debug|Win32.Build.0 = Debug|Win32
		{417F2F28-0855-4F0E-8491-D98A7DC08E4B}.Release|Win32.ActiveCfg = Release|Win32
		{417F2F28-0855-4F0E-8491-D98A7DC08E4B}.Release|Win32.Build.0 = Release|Win32
	EndGlobalSection
	GlobalSection(SolutionProperties) = preSolution
		HideSolutionNode = FALSE
	EndGlobalSection
EndGlobal
