
Microsoft Visual Studio Solution File, Format Version 12.00
# Visual Studio Version 16
VisualStudioVersion = 16.0.30204.135
MinimumVisualStudioVersion = 10.0.40219.1
Project("{FAE04EC0-301F-11D3-BF4B-00C04F79EFBC}") = "BethanysPieShopHRM.App", "BethanysPieShopHRM.App\BethanysPieShopHRM.App.csproj", "{F335EE54-40BA-4D56-B100-CCF9772B8F2F}"
EndProject
Project("{9A19103F-16F7-4668-BE54-9A1E7A4F7556}") = "BethanysPieShopHRM.Shared", "BethanysPieShopHRM.Shared\BethanysPieShopHRM.Shared.csproj", "{AFE25340-F8FD-45B8-BB1A-1A284130B691}"
EndProject
Global
	GlobalSection(SolutionConfigurationPlatforms) = preSolution
		Debug|Any CPU = Debug|Any CPU
		Release|Any CPU = Release|Any CPU
	EndGlobalSection
	GlobalSection(ProjectConfigurationPlatforms) = postSolution
		{F335EE54-40BA-4D56-B100-CCF9772B8F2F}.Debug|Any CPU.ActiveCfg = Debug|Any CPU
		{F335EE54-40BA-4D56-B100-CCF9772B8F2F}.Debug|Any CPU.Build.0 = Debug|Any CPU
		{F335EE54-40BA-4D56-B100-CCF9772B8F2F}.Release|Any CPU.ActiveCfg = Release|Any CPU
		{F335EE54-40BA-4D56-B100-CCF9772B8F2F}.Release|Any CPU.Build.0 = Release|Any CPU
		{AFE25340-F8FD-45B8-BB1A-1A284130B691}.Debug|Any CPU.ActiveCfg = Debug|Any CPU
		{AFE25340-F8FD-45B8-BB1A-1A284130B691}.Debug|Any CPU.Build.0 = Debug|Any CPU
		{AFE25340-F8FD-45B8-BB1A-1A284130B691}.Release|Any CPU.ActiveCfg = Release|Any CPU
		{AFE25340-F8FD-45B8-BB1A-1A284130B691}.Release|Any CPU.Build.0 = Release|Any CPU
	EndGlobalSection
	GlobalSection(SolutionProperties) = preSolution
		HideSolutionNode = FALSE
	EndGlobalSection
	GlobalSection(ExtensibilityGlobals) = postSolution
		SolutionGuid = {318D1EE7-5E23-4A85-A8FC-4CB35A2CC527}
	EndGlobalSection
EndGlobal
